{
  "version": 4,
  "terraform_version": "1.3.7",
  "serial": 53,
  "lineage": "d1cefa19-ff23-b308-a2db-fda9e777dca3",
  "outputs": {
    "test_policy_arn": {
      "value": "arn:aws:iam::045919732904:role/test-oidc",
      "type": "string"
    }
  },
  "resources": [
    {
      "mode": "data",
      "type": "aws_iam_policy_document",
      "name": "test_oidc_assume_role_policy",
      "provider": "provider[\"registry.terraform.io/hashicorp/aws\"]",
      "instances": [
        {
          "schema_version": 0,
          "attributes": {
            "id": "1542880456",
            "json": "{\n  \"Version\": \"2012-10-17\",\n  \"Statement\": [\n    {\n      \"Sid\": \"\",\n      \"Effect\": \"Allow\",\n      \"Action\": \"sts:AssumeRoleWithWebIdentity\",\n      \"Principal\": {\n        \"Federated\": \"arn:aws:iam::045919732904:oidc-provider/oidc.eks.eu-central-1.amazonaws.com/id/5A9DCA12C2F37F84C0F5FFAB2D90BD1A\"\n      },\n      \"Condition\": {\n        \"StringEquals\": {\n          \"oidc.eks.eu-central-1.amazonaws.com/id/5A9DCA12C2F37F84C0F5FFAB2D90BD1A:sub\": \"system:serviceaccount:default:aws-test\"\n        }\n      }\n    }\n  ]\n}",
            "override_json": null,
            "override_policy_documents": null,
            "policy_id": null,
            "source_json": null,
            "source_policy_documents": null,
            "statement": [
              {
                "actions": [
                  "sts:AssumeRoleWithWebIdentity"
                ],
                "condition": [
                  {
                    "test": "StringEquals",
                    "values": [
                      "system:serviceaccount:default:aws-test"
                    ],
                    "variable": "oidc.eks.eu-central-1.amazonaws.com/id/5A9DCA12C2F37F84C0F5FFAB2D90BD1A:sub"
                  }
                ],
                "effect": "Allow",
                "not_actions": [],
                "not_principals": [],
                "not_resources": [],
                "principals": [
                  {
                    "identifiers": [
                      "arn:aws:iam::045919732904:oidc-provider/oidc.eks.eu-central-1.amazonaws.com/id/5A9DCA12C2F37F84C0F5FFAB2D90BD1A"
                    ],
                    "type": "Federated"
                  }
                ],
                "resources": [],
                "sid": ""
              }
            ],
            "version": "2012-10-17"
          },
          "sensitive_attributes": []
        }
      ]
    },
    {
      "mode": "data",
      "type": "tls_certificate",
      "name": "eks",
      "provider": "provider[\"registry.terraform.io/hashicorp/tls\"]",
      "instances": [
        {
          "schema_version": 0,
          "attributes": {
            "certificates": [
              {
                "cert_pem": "-----BEGIN CERTIFICATE-----\nMIIEdTCCA12gAwIBAgIJAKcOSkw0grd/MA0GCSqGSIb3DQEBCwUAMGgxCzAJBgNV\nBAYTAlVTMSUwIwYDVQQKExxTdGFyZmllbGQgVGVjaG5vbG9naWVzLCBJbmMuMTIw\nMAYDVQQLEylTdGFyZmllbGQgQ2xhc3MgMiBDZXJ0aWZpY2F0aW9uIEF1dGhvcml0\neTAeFw0wOTA5MDIwMDAwMDBaFw0zNDA2MjgxNzM5MTZaMIGYMQswCQYDVQQGEwJV\nUzEQMA4GA1UECBMHQXJpem9uYTETMBEGA1UEBxMKU2NvdHRzZGFsZTElMCMGA1UE\nChMcU3RhcmZpZWxkIFRlY2hub2xvZ2llcywgSW5jLjE7MDkGA1UEAxMyU3RhcmZp\nZWxkIFNlcnZpY2VzIFJvb3QgQ2VydGlmaWNhdGUgQXV0aG9yaXR5IC0gRzIwggEi\nMA0GCSqGSIb3DQEBAQUAA4IBDwAwggEKAoIBAQDVDDrEKvlO4vW+GZdfjohTsR8/\ny8+fIBNtKTrID30892t2OGPZNmCom15cAICyL1l/9of5JUOG52kbUpqQ4XHj2C0N\nTm/2yEnZtvMaVq4rtnQU68/7JuMauh2WLmo7WJSJR1b/JaCTcFOD2oR0FMNnngRo\nOt+OQFodSk7PQ5E751bWAHDLUu57fa4657wx+UX2wmDPE1kCK4DMNEffud6QZW0C\nzyyRpqbn3oUYSXxmTqM6bam17jQuug0DuDPfR+uxa40l2ZvOgdFFRjKWcIfeAg5J\nQ4W2bHO7ZOphQazJ1FTfhy/HIrImzJ9ZVGif/L4qL8RVHHVAYBeFAlU5i38FAgMB\nAAGjgfAwge0wDwYDVR0TAQH/BAUwAwEB/zAOBgNVHQ8BAf8EBAMCAYYwHQYDVR0O\nBBYEFJxfAN+qAdcwKziIorhtSpzyEZGDMB8GA1UdIwQYMBaAFL9ft9HO3R+G9FtV\nrNzXEMIOqYjnME8GCCsGAQUFBwEBBEMwQTAcBggrBgEFBQcwAYYQaHR0cDovL28u\nc3MyLnVzLzAhBggrBgEFBQcwAoYVaHR0cDovL3guc3MyLnVzL3guY2VyMCYGA1Ud\nHwQfMB0wG6AZoBeGFWh0dHA6Ly9zLnNzMi51cy9yLmNybDARBgNVHSAECjAIMAYG\nBFUdIAAwDQYJKoZIhvcNAQELBQADggEBACMd44pXyn3pF3lM8R5V/cxTbj5HD9/G\nVfKyBDbtgB9TxF00KGu+x1X8Z+rLP3+QsjPNG1gQggL4+C/1E2DUBc7xgQjB3ad1\nl08YuW3e95ORCLp+QCztweq7dp4zBncdDQh/U90bZKuCJ/Fp1U1ervShw3WnWEQt\n8jxwmKy6abaVd38PMV4s/KCHOkdp8Hlf9BRUpJVeEXgSYCfOn8J3/yNTd126/+pZ\n59vPr5KW7ySaNRB6nJHGDn2Z9j8Z3/VyVOEVqQdZe4O/Ui5GjLIAZHYcSNPYeehu\nVsyuLAOQ1xk4meTKCRlb/weWsKh/NEnfVqn3sF/tM+2MR7cwA130A4w=\n-----END CERTIFICATE-----\n",
                "is_ca": true,
                "issuer": "OU=Starfield Class 2 Certification Authority,O=Starfield Technologies\\, Inc.,C=US",
                "not_after": "2034-06-28T17:39:16Z",
                "not_before": "2009-09-02T00:00:00Z",
                "public_key_algorithm": "RSA",
                "serial_number": "12037640545166866303",
                "sha1_fingerprint": "9e99a48a9960b14926bb7f3b02e22da2b0ab7280",
                "signature_algorithm": "SHA256-RSA",
                "subject": "CN=Starfield Services Root Certificate Authority - G2,O=Starfield Technologies\\, Inc.,L=Scottsdale,ST=Arizona,C=US",
                "version": 3
              },
              {
                "cert_pem": "-----BEGIN CERTIFICATE-----\nMIIEkjCCA3qgAwIBAgITBn+USionzfP6wq4rAfkI7rnExjANBgkqhkiG9w0BAQsF\nADCBmDELMAkGA1UEBhMCVVMxEDAOBgNVBAgTB0FyaXpvbmExEzARBgNVBAcTClNj\nb3R0c2RhbGUxJTAjBgNVBAoTHFN0YXJmaWVsZCBUZWNobm9sb2dpZXMsIEluYy4x\nOzA5BgNVBAMTMlN0YXJmaWVsZCBTZXJ2aWNlcyBSb290IENlcnRpZmljYXRlIEF1\ndGhvcml0eSAtIEcyMB4XDTE1MDUyNTEyMDAwMFoXDTM3MTIzMTAxMDAwMFowOTEL\nMAkGA1UEBhMCVVMxDzANBgNVBAoTBkFtYXpvbjEZMBcGA1UEAxMQQW1hem9uIFJv\nb3QgQ0EgMTCCASIwDQYJKoZIhvcNAQEBBQADggEPADCCAQoCggEBALJ4gHHKeNXj\nca9HgFB0fW7Y14h29Jlo91ghYPl0hAEvrAIthtOgQ3pOsqTQNroBvo3bSMgHFzZM\n9O6II8c+6zf1tRn4SWiw3te5djgdYZ6k/oI2peVKVuRF4fn9tBb6dNqcmzU5L/qw\nIFAGbHrQgLKm+a/sRxmPUDgH3KKHOVj4utWp+UhnMJbulHheb4mjUcAwhmahRWa6\nVOujw5H5SNz/0egwLX0tdHA114gk957EWW67c4cX8jJGKLhD+rcdqsq08p8kDi1L\n93FcXmn/6pUCyziKrlA4b9v7LWIbxcceVOF34GfID5yHI9Y/QCB/IIDEgEw+OyQm\njgSubJrIqg0CAwEAAaOCATEwggEtMA8GA1UdEwEB/wQFMAMBAf8wDgYDVR0PAQH/\nBAQDAgGGMB0GA1UdDgQWBBSEGMyFNOy8DJSULghZnMeyEE4KCDAfBgNVHSMEGDAW\ngBScXwDfqgHXMCs4iKK4bUqc8hGRgzB4BggrBgEFBQcBAQRsMGowLgYIKwYBBQUH\nMAGGImh0dHA6Ly9vY3NwLnJvb3RnMi5hbWF6b250cnVzdC5jb20wOAYIKwYBBQUH\nMAKGLGh0dHA6Ly9jcnQucm9vdGcyLmFtYXpvbnRydXN0LmNvbS9yb290ZzIuY2Vy\nMD0GA1UdHwQ2MDQwMqAwoC6GLGh0dHA6Ly9jcmwucm9vdGcyLmFtYXpvbnRydXN0\nLmNvbS9yb290ZzIuY3JsMBEGA1UdIAQKMAgwBgYEVR0gADANBgkqhkiG9w0BAQsF\nAAOCAQEAYjdCXLwQtT6LLOkMm2xF4gcAevnFWAu5CIw+7bMlPLVvUOTNNWqnkzSW\nMiGpSESrnO09tKpzbeR/FoCJbM8oAxiDR3mjEH4wW6w7sGDgd9QIpuEdfF7Au/ma\neyKdpwAJfqxGF4PcnCZXmTA5YpaP7dreqsXMGz7KQ2hsVxa81Q4gLv7/wmpdLqBK\nbRRYh5TmOTFffHPLkIhqhBGWJ6bt2YFGpn6jcgAKUj6DiAdjd4lpFw85hdKrCEVN\n0FE6/V1dN2RMfjCyVSRCnTawXZwXgWHxyvkQAiSr6w10kY17RSlQOYiypok1JR4U\nakcjMS9cmvqtmg5iUaQqqcT5NJ0hGA==\n-----END CERTIFICATE-----\n",
                "is_ca": true,
                "issuer": "CN=Starfield Services Root Certificate Authority - G2,O=Starfield Technologies\\, Inc.,L=Scottsdale,ST=Arizona,C=US",
                "not_after": "2037-12-31T01:00:00Z",
                "not_before": "2015-05-25T12:00:00Z",
                "public_key_algorithm": "RSA",
                "serial_number": "144918191876577076464031512351042010504348870",
                "sha1_fingerprint": "06b25927c42a721631c1efd9431e648fa62e1e39",
                "signature_algorithm": "SHA256-RSA",
                "subject": "CN=Amazon Root CA 1,O=Amazon,C=US",
                "version": 3
              },
              {
                "cert_pem": "-----BEGIN CERTIFICATE-----\nMIIESTCCAzGgAwIBAgITBn+UV4WH6Kx33rJTMlu8mYtWDTANBgkqhkiG9w0BAQsF\nADA5MQswCQYDVQQGEwJVUzEPMA0GA1UEChMGQW1hem9uMRkwFwYDVQQDExBBbWF6\nb24gUm9vdCBDQSAxMB4XDTE1MTAyMjAwMDAwMFoXDTI1MTAxOTAwMDAwMFowRjEL\nMAkGA1UEBhMCVVMxDzANBgNVBAoTBkFtYXpvbjEVMBMGA1UECxMMU2VydmVyIENB\nIDFCMQ8wDQYDVQQDEwZBbWF6b24wggEiMA0GCSqGSIb3DQEBAQUAA4IBDwAwggEK\nAoIBAQDCThZn3c68asg3Wuw6MLAd5tES6BIoSMzoKcG5blPVo+sDORrMd4f2AbnZ\ncMzPa43j4wNxhplty6aUKk4T1qe9BOwKFjwK6zmxxLVYo7bHViXsPlJ6qOMpFge5\nblDP+18x+B26A0piiQOuPkfyDyeR4xQghfj66Yo19V+emU3nazfvpFA+ROz6WoVm\nB5x+F2pV8xeKNR7u6azDdU5YVX1TawprmxRC1+WsAYmz6qP+z8ArDITC2FMVy2fw\n0IjKOtEXc/VfmtTFch5+AfGYMGMqqvJ6LcXiAhqG5TI+Dr0RtM88k+8XUBCeQ8IG\nKuANaL7TiItKZYxK1MMuTJtV9IblAgMBAAGjggE7MIIBNzASBgNVHRMBAf8ECDAG\nAQH/AgEAMA4GA1UdDwEB/wQEAwIBhjAdBgNVHQ4EFgQUWaRmBlKge5WSPKOUByeW\ndFv5PdAwHwYDVR0jBBgwFoAUhBjMhTTsvAyUlC4IWZzHshBOCggwewYIKwYBBQUH\nAQEEbzBtMC8GCCsGAQUFBzABhiNodHRwOi8vb2NzcC5yb290Y2ExLmFtYXpvbnRy\ndXN0LmNvbTA6BggrBgEFBQcwAoYuaHR0cDovL2NydC5yb290Y2ExLmFtYXpvbnRy\ndXN0LmNvbS9yb290Y2ExLmNlcjA/BgNVHR8EODA2MDSgMqAwhi5odHRwOi8vY3Js\nLnJvb3RjYTEuYW1hem9udHJ1c3QuY29tL3Jvb3RjYTEuY3JsMBMGA1UdIAQMMAow\nCAYGZ4EMAQIBMA0GCSqGSIb3DQEBCwUAA4IBAQCFkr41u3nPo4FCHOTjY3NTOVI1\n59Gt/a6ZiqyJEi+752+a1U5y6iAwYfmXss2lJwJFqMp2PphKg5625kXg8kP2CN5t\n6G7bMQcT8C8xDZNtYTd7WPD8UZiRKAJPBXa30/AbwuZe0GaFEQ8ugcYQgSn+IGBI\n8/LwhBNTZTUVEWuCUUBVV18YtbAiPq3yXqMB48Oz+ctBWuZSkbvkNodPLamkB2g1\nupRyzQ7qDn1X8nn8N8V7YJ6y68AtkHcNSRAnpTitxBKjtKPISLMVCx7i4hncxHZS\nyLyKQXhw2W2Xs0qLeC1etA+jTGDK4UfLeC0SF7FSi8o5LL21L8IzApar2pR/\n-----END CERTIFICATE-----\n",
                "is_ca": true,
                "issuer": "CN=Amazon Root CA 1,O=Amazon,C=US",
                "not_after": "2025-10-19T00:00:00Z",
                "not_before": "2015-10-22T00:00:00Z",
                "public_key_algorithm": "RSA",
                "serial_number": "144918209630989264145272943054026349679957517",
                "sha1_fingerprint": "917e732d330f9a12404f73d8bea36948b929dffc",
                "signature_algorithm": "SHA256-RSA",
                "subject": "CN=Amazon,OU=Server CA 1B,O=Amazon,C=US",
                "version": 3
              },
              {
                "cert_pem": "-----BEGIN CERTIFICATE-----\nMIIF/TCCBOWgAwIBAgIQD8K7jdEXDXxcIedrfcdtbzANBgkqhkiG9w0BAQsFADBG\nMQswCQYDVQQGEwJVUzEPMA0GA1UEChMGQW1hem9uMRUwEwYDVQQLEwxTZXJ2ZXIg\nQ0EgMUIxDzANBgNVBAMTBkFtYXpvbjAeFw0yMjA1MTQwMDAwMDBaFw0yMzA2MTIy\nMzU5NTlaMC4xLDAqBgNVBAMTI29pZGMuZWtzLmV1LWNlbnRyYWwtMS5hbWF6b25h\nd3MuY29tMIIBIjANBgkqhkiG9w0BAQEFAAOCAQ8AMIIBCgKCAQEAxJcmLgBtHpEK\nuDI3TWoYiUS3VrB2X7t2Hdn6gLXLDePrRGbiWLi6gyaLINNdEBKVWWB4xLFJsLMR\nEjM3yD4/uOd7DNYpExfSSu+1IGAB+9bv7Y7+rZa0vOddICHrwQdnYH8HLRVQN+E1\nYImyMjm70Kg9eL47GhtIki2NF0cz+8e1VU0evoRLXj+73/VtH/04hk9QUra9zKsC\nAtmiahsYBFghE1GDXBoyiD0LzihDgxdtoFgjeKyVVFdRDJTHlvWGQHOIp2Nl7Ec5\nXdS90d9VOSa8Q4D6l93qbs+vPVeUqNpD1J3/gs0vCSqsmjTw8Wv6hlHlo2gJb2OF\n+fMFkyYhiwIDAQABo4IC/TCCAvkwHwYDVR0jBBgwFoAUWaRmBlKge5WSPKOUByeW\ndFv5PdAwHQYDVR0OBBYEFCWz4oZJ/f9q6s7r9BZZkSMXY4F6MC4GA1UdEQQnMCWC\nI29pZGMuZWtzLmV1LWNlbnRyYWwtMS5hbWF6b25hd3MuY29tMA4GA1UdDwEB/wQE\nAwIFoDAdBgNVHSUEFjAUBggrBgEFBQcDAQYIKwYBBQUHAwIwPQYDVR0fBDYwNDAy\noDCgLoYsaHR0cDovL2NybC5zY2ExYi5hbWF6b250cnVzdC5jb20vc2NhMWItMS5j\ncmwwEwYDVR0gBAwwCjAIBgZngQwBAgEwdQYIKwYBBQUHAQEEaTBnMC0GCCsGAQUF\nBzABhiFodHRwOi8vb2NzcC5zY2ExYi5hbWF6b250cnVzdC5jb20wNgYIKwYBBQUH\nMAKGKmh0dHA6Ly9jcnQuc2NhMWIuYW1hem9udHJ1c3QuY29tL3NjYTFiLmNydDAM\nBgNVHRMBAf8EAjAAMIIBfQYKKwYBBAHWeQIEAgSCAW0EggFpAWcAdQDoPtDaPvUG\nNTLnVyi8iWvJA9PL0RFr7Otp4Xd9bQa9bgAAAYC/8crXAAAEAwBGMEQCIBO7D+B4\nMrPPZZqlK+/CJ/Da/acFjxh3Pa3RXWnTtX1JAiAoU+Bp+9NEIODrWL+lm2YqGPqS\n7p45ELjnENVA/kVSfAB2ADXPGRu/sWxXvw+tTG1Cy7u2JyAmUeo/4SrvqAPDO9ZM\nAAABgL/xyukAAAQDAEcwRQIgMARkLwQC+uPkJRpBMJjyMjyUklwV5F23gl/AO6mE\nZ4kCIQCUDnuUqe+tp2JHM+8NVPd2ak2iC1nxRySUPaQPRqzUQgB2ALc++yTfnE26\ndfI5xbpY9Gxd/ELPep81xJ4dCYEl7bSZAAABgL/xytkAAAQDAEcwRQIhAK4iWw5r\nH7pgp3z+OA/qNLinlbvdbWM0fMxik3q9ssuiAiBXiewO2xY1q6FNbqC+9bxcO2d4\ng9cKVFn+PBVxKWAb4zANBgkqhkiG9w0BAQsFAAOCAQEAcP36x9cdwsgcduWvyVkJ\n3q/NLX8Owm6u7kG5xwg4Nn/Z4SrbFym7hDCl6b9DfKz2Dfjy1y77UyCZ0EXwVY4q\n87p/s2k8KUAPQUIQfJemYh73J6B1X3QGgw/xeck914+0KssC8KqANIVnspQXDQcR\nRxXFry8X5OziaBtoETKLmAew2+WpDs4bfT3hTe29nphJHEsC0g1GZyrFnoG9p85Z\nDpnpcJ0vFyxDPnc2ZjSELSlFOvTMye+cTKB+YmYP50aAHTrpd7/OcWlaiYC478Q2\n5KSw76SAICjbTVDzdQf2W4Q4NhnUVs/GV3p5IRoLd9D3aZ6GwWwd+l7ggBVfP0pL\n/w==\n-----END CERTIFICATE-----\n",
                "is_ca": false,
                "issuer": "CN=Amazon,OU=Server CA 1B,O=Amazon,C=US",
                "not_after": "2023-06-12T23:59:59Z",
                "not_before": "2022-05-14T00:00:00Z",
                "public_key_algorithm": "RSA",
                "serial_number": "20949529573806528058444541072209571183",
                "sha1_fingerprint": "45f6cbedec2f49c9bedbd525d012b2b8137164d8",
                "signature_algorithm": "SHA256-RSA",
                "subject": "CN=oidc.eks.eu-central-1.amazonaws.com",
                "version": 3
              }
            ],
            "content": null,
            "id": "bf8ba0d9ad6cedb5b90164a464cd0cabab3df086",
            "url": "https://oidc.eks.eu-central-1.amazonaws.com/id/5A9DCA12C2F37F84C0F5FFAB2D90BD1A",
            "verify_chain": true
          },
          "sensitive_attributes": []
        }
      ]
    },
    {
      "mode": "managed",
      "type": "aws_eip",
      "name": "nat",
      "provider": "provider[\"registry.terraform.io/hashicorp/aws\"]",
      "instances": [
        {
          "schema_version": 0,
          "attributes": {
            "address": null,
            "allocation_id": "eipalloc-0d398c43732f69fc5",
            "associate_with_private_ip": null,
            "association_id": "eipassoc-02f56d2a3c8bd2d16",
            "carrier_ip": "",
            "customer_owned_ip": "",
            "customer_owned_ipv4_pool": "",
            "domain": "vpc",
            "id": "eipalloc-0d398c43732f69fc5",
            "instance": "",
            "network_border_group": "eu-central-1",
            "network_interface": "eni-0827b0dbc7bcc3e8a",
            "private_dns": "ip-10-0-4-217.eu-central-1.compute.internal",
            "private_ip": "10.0.4.217",
            "public_dns": "ec2-3-123-176-105.eu-central-1.compute.amazonaws.com",
            "public_ip": "3.123.176.105",
            "public_ipv4_pool": "amazon",
            "tags": {
              "Name": "nat"
            },
            "tags_all": {
              "Name": "nat"
            },
            "timeouts": null,
            "vpc": true
          },
          "sensitive_attributes": [],
          "private": "eyJlMmJmYjczMC1lY2FhLTExZTYtOGY4OC0zNDM2M2JjN2M0YzAiOnsiZGVsZXRlIjoxODAwMDAwMDAwMDAsInJlYWQiOjkwMDAwMDAwMDAwMCwidXBkYXRlIjozMDAwMDAwMDAwMDB9fQ=="
        }
      ]
    },
    {
      "mode": "managed",
      "type": "aws_eks_cluster",
      "name": "test",
      "provider": "provider[\"registry.terraform.io/hashicorp/aws\"]",
      "instances": [
        {
          "schema_version": 0,
          "attributes": {
            "arn": "arn:aws:eks:eu-central-1:045919732904:cluster/test",
            "certificate_authority": [
              {
                "data": "LS0tLS1CRUdJTiBDRVJUSUZJQ0FURS0tLS0tCk1JSUMvakNDQWVhZ0F3SUJBZ0lCQURBTkJna3Foa2lHOXcwQkFRc0ZBREFWTVJNd0VRWURWUVFERXdwcmRXSmwKY201bGRHVnpNQjRYRFRJek1ESXdOREEyTkRFeE9Gb1hEVE16TURJd01UQTJOREV4T0Zvd0ZURVRNQkVHQTFVRQpBeE1LYTNWaVpYSnVaWFJsY3pDQ0FTSXdEUVlKS29aSWh2Y05BUUVCQlFBRGdnRVBBRENDQVFvQ2dnRUJBTW5SCmpGbUdac1k1MmdvOHh4eUVDTXEwdjVFTkc0WS9FekFTSVlsREVPM1lPbWVLYmJ3U0ZOK29jQUo5WFNLcVlCSkYKY3hlM2JxRjV0OW5jREZwNCtwNHB3Z1dsK0ErbjdHaCtlQjYyTE41NzhCbEtHU0hncmw4azJGcVNzZUNJbW5mNQpCeWZjTUM5L3c1bHNWVWF5dmNvaSt3RU5iL3Q5SkNvTzdIUW1lKzFCazkxTUhFa0IvMW9xWGlHazBlbVhMaC9WClMrdEF4alcwYWR5dHlSWmNva2U1SzJzaVRTYzN3Ukp2OTNha0hxd042NXh1aC8za09aM0hTT1R4eFJYTVRZNDQKRk5yYnBJSDFkWkdjUjYvUSt0a1BXWnpaeXIwbTJoUkNOb2N3Um9GV3hOL3NwQ2N3SXhQVFRaMHZCTnRndEFCcgpKRU9XcmI2cnVYVUJEaDRDcUc4Q0F3RUFBYU5aTUZjd0RnWURWUjBQQVFIL0JBUURBZ0trTUE4R0ExVWRFd0VCCi93UUZNQU1CQWY4d0hRWURWUjBPQkJZRUZHN3l5YU53bE5ZSkFja2xadDhFTlFWckJsZXRNQlVHQTFVZEVRUU8KTUF5Q0NtdDFZbVZ5Ym1WMFpYTXdEUVlKS29aSWh2Y05BUUVMQlFBRGdnRUJBS3dVanVIcGpDaGE4N0VHTW5YcQpoSXRMcnhuQVdiMjE0ZitRN0IzTk1MTE8zRS96RHZ6V1RrT0prdkdYQTdDNlAxTjhGdWhXMzhPRXYvVll3MmRVCkN3Ri9ldzJxRzh2TkJIcFY1TmFDcWgxWkdNNWV5MUZoT1o1VHlIZ28xcnZYQzZUalBaV08zL29NWFo4RDJsUzQKQ0hpdkdMeXh6dkNIdUprK2FSaWhoNTBHeThaTXpIY2VqYnJhMWx5N1c5STlLWTdFMngydzBnT1JLd2pqcnVCWgppN1NyWmVML29qblFST2doVjVlcUp0UFpMaG5TNnh6ZHdqSHhMVUJKYmJnVU8xS2JDRWdLbE50ZVU2UXEvR1BlClEydERyUGhzRk1sWlJ3WnJudFE0dkpJV3hwb2c4VWY0alkwSnR4cXYwMlF3MW1WYklvd3E4eWNLU20vOWZpN1QKRzhJPQotLS0tLUVORCBDRVJUSUZJQ0FURS0tLS0tCg=="
              }
            ],
            "cluster_id": null,
            "created_at": "2023-02-04 06:35:30.096 +0000 UTC",
            "enabled_cluster_log_types": [],
            "encryption_config": [],
            "endpoint": "https://5A9DCA12C2F37F84C0F5FFAB2D90BD1A.gr7.eu-central-1.eks.amazonaws.com",
            "id": "test",
            "identity": [
              {
                "oidc": [
                  {
                    "issuer": "https://oidc.eks.eu-central-1.amazonaws.com/id/5A9DCA12C2F37F84C0F5FFAB2D90BD1A"
                  }
                ]
              }
            ],
            "kubernetes_network_config": [
              {
                "ip_family": "ipv4",
                "service_ipv4_cidr": "172.20.0.0/16",
                "service_ipv6_cidr": ""
              }
            ],
            "name": "test",
            "outpost_config": [],
            "platform_version": "eks.5",
            "role_arn": "arn:aws:iam::045919732904:role/eks-cluster-test",
            "status": "ACTIVE",
            "tags": {},
            "tags_all": {},
            "timeouts": null,
            "version": "1.23",
            "vpc_config": [
              {
                "cluster_security_group_id": "sg-079c6fa66d50ec642",
                "endpoint_private_access": false,
                "endpoint_public_access": true,
                "public_access_cidrs": [
                  "0.0.0.0/0"
                ],
                "security_group_ids": [],
                "subnet_ids": [
                  "subnet-04796211ba611d931",
                  "subnet-0a88886350c863105",
                  "subnet-0c1308f41165a900a",
                  "subnet-0e04fa79e5e622ec1"
                ],
                "vpc_id": "vpc-062ad7b5ae1dff38d"
              }
            ]
          },
          "sensitive_attributes": [],
          "private": "eyJlMmJmYjczMC1lY2FhLTExZTYtOGY4OC0zNDM2M2JjN2M0YzAiOnsiY3JlYXRlIjoxODAwMDAwMDAwMDAwLCJkZWxldGUiOjkwMDAwMDAwMDAwMCwidXBkYXRlIjozNjAwMDAwMDAwMDAwfX0=",
          "dependencies": [
            "aws_iam_role.test",
            "aws_iam_role_policy_attachment.test-AmazonEKSClusterPolicy",
            "aws_iam_role_policy_attachment.test-AmazonEKSVPCResourceController",
            "aws_subnet.private_eu_central_1a",
            "aws_subnet.private_eu_central_1b",
            "aws_subnet.public_eu_central_1a",
            "aws_subnet.public_eu_central_1b",
            "aws_vpc.main"
          ]
        }
      ]
    },
    {
      "mode": "managed",
      "type": "aws_eks_node_group",
      "name": "private-nodes",
      "provider": "provider[\"registry.terraform.io/hashicorp/aws\"]",
      "instances": [
        {
          "schema_version": 0,
          "attributes": {
            "ami_type": "AL2_x86_64",
            "arn": "arn:aws:eks:eu-central-1:045919732904:nodegroup/test/private-nodes/18c30d9d-f918-aa64-05a3-1d611edc4f72",
            "capacity_type": "ON_DEMAND",
            "cluster_name": "test",
            "disk_size": 20,
            "force_update_version": null,
            "id": "test:private-nodes",
            "instance_types": [
              "t3.small"
            ],
            "labels": {
              "role": "general"
            },
            "launch_template": [],
            "node_group_name": "private-nodes",
            "node_group_name_prefix": "",
            "node_role_arn": "arn:aws:iam::045919732904:role/eks-node-group-nodes",
            "release_version": "1.23.15-20230127",
            "remote_access": [],
            "resources": [
              {
                "autoscaling_groups": [
                  {
                    "name": "eks-private-nodes-18c30d9d-f918-aa64-05a3-1d611edc4f72"
                  }
                ],
                "remote_access_security_group_id": ""
              }
            ],
            "scaling_config": [
              {
                "desired_size": 1,
                "max_size": 5,
                "min_size": 0
              }
            ],
            "status": "ACTIVE",
            "subnet_ids": [
              "subnet-04796211ba611d931",
              "subnet-0a88886350c863105"
            ],
            "tags": null,
            "tags_all": {},
            "taint": [],
            "timeouts": null,
            "update_config": [
              {
                "max_unavailable": 1,
                "max_unavailable_percentage": 0
              }
            ],
            "version": "1.23"
          },
          "sensitive_attributes": [],
          "private": "eyJlMmJmYjczMC1lY2FhLTExZTYtOGY4OC0zNDM2M2JjN2M0YzAiOnsiY3JlYXRlIjozNjAwMDAwMDAwMDAwLCJkZWxldGUiOjM2MDAwMDAwMDAwMDAsInVwZGF0ZSI6MzYwMDAwMDAwMDAwMH19",
          "dependencies": [
            "aws_eks_cluster.test",
            "aws_iam_role.nodes",
            "aws_iam_role_policy_attachment.test-AmazonEC2ContainerRegistryReadOnly",
            "aws_iam_role_policy_attachment.test-AmazonEKSWorkerNodePolicy",
            "aws_iam_role_policy_attachment.test-AmazonEKS_CNI_Policy",
            "aws_iam_role_policy_attachment.test-AmazonSSMManagedInstanceCore",
            "aws_subnet.private_eu_central_1a",
            "aws_subnet.private_eu_central_1b"
          ]
        }
      ]
    },
    {
      "mode": "managed",
      "type": "aws_iam_openid_connect_provider",
      "name": "eks",
      "provider": "provider[\"registry.terraform.io/hashicorp/aws\"]",
      "instances": [
        {
          "schema_version": 0,
          "attributes": {
            "arn": "arn:aws:iam::045919732904:oidc-provider/oidc.eks.eu-central-1.amazonaws.com/id/5A9DCA12C2F37F84C0F5FFAB2D90BD1A",
            "client_id_list": [
              "sts.amazonaws.com"
            ],
            "id": "arn:aws:iam::045919732904:oidc-provider/oidc.eks.eu-central-1.amazonaws.com/id/5A9DCA12C2F37F84C0F5FFAB2D90BD1A",
            "tags": {},
            "tags_all": {},
            "thumbprint_list": [
              "9e99a48a9960b14926bb7f3b02e22da2b0ab7280"
            ],
            "url": "oidc.eks.eu-central-1.amazonaws.com/id/5A9DCA12C2F37F84C0F5FFAB2D90BD1A"
          },
          "sensitive_attributes": [],
          "private": "bnVsbA==",
          "dependencies": [
            "aws_eks_cluster.test",
            "aws_iam_role.test",
            "aws_iam_role_policy_attachment.test-AmazonEKSClusterPolicy",
            "aws_iam_role_policy_attachment.test-AmazonEKSVPCResourceController",
            "aws_subnet.private_eu_central_1a",
            "aws_subnet.private_eu_central_1b",
            "aws_subnet.public_eu_central_1a",
            "aws_subnet.public_eu_central_1b",
            "aws_vpc.main",
            "data.tls_certificate.eks"
          ]
        }
      ]
    },
    {
      "mode": "managed",
      "type": "aws_iam_policy",
      "name": "test-policy",
      "provider": "provider[\"registry.terraform.io/hashicorp/aws\"]",
      "instances": [
        {
          "schema_version": 0,
          "attributes": {
            "arn": "arn:aws:iam::045919732904:policy/test-policy",
            "description": "",
            "id": "arn:aws:iam::045919732904:policy/test-policy",
            "name": "test-policy",
            "name_prefix": null,
            "path": "/",
            "policy": "{\"Statement\":[{\"Action\":[\"s3:ListAllMyBuckets\",\"s3:GetBucketLocation\"],\"Effect\":\"Allow\",\"Resource\":\"arn:aws:s3:::*\"}],\"Version\":\"2012-10-17\"}",
            "policy_id": "ANPAQVMIHQSUL2TBRE6A5",
            "tags": {},
            "tags_all": {}
          },
          "sensitive_attributes": [],
          "private": "bnVsbA=="
        }
      ]
    },
    {
      "mode": "managed",
      "type": "aws_iam_role",
      "name": "nodes",
      "provider": "provider[\"registry.terraform.io/hashicorp/aws\"]",
      "instances": [
        {
          "schema_version": 0,
          "attributes": {
            "arn": "arn:aws:iam::045919732904:role/eks-node-group-nodes",
            "assume_role_policy": "{\"Statement\":[{\"Action\":\"sts:AssumeRole\",\"Effect\":\"Allow\",\"Principal\":{\"Service\":\"ec2.amazonaws.com\"}}],\"Version\":\"2012-10-17\"}",
            "create_date": "2023-02-04T06:56:54Z",
            "description": "",
            "force_detach_policies": false,
            "id": "eks-node-group-nodes",
            "inline_policy": [],
            "managed_policy_arns": [
              "arn:aws:iam::aws:policy/AmazonEC2ContainerRegistryReadOnly",
              "arn:aws:iam::aws:policy/AmazonEKSWorkerNodePolicy",
              "arn:aws:iam::aws:policy/AmazonEKS_CNI_Policy",
              "arn:aws:iam::aws:policy/AmazonSSMManagedInstanceCore"
            ],
            "max_session_duration": 3600,
            "name": "eks-node-group-nodes",
            "name_prefix": "",
            "path": "/",
            "permissions_boundary": null,
            "tags": {},
            "tags_all": {},
            "unique_id": "AROAQVMIHQSUFX5KQFDPU"
          },
          "sensitive_attributes": [],
          "private": "bnVsbA=="
        }
      ]
    },
    {
      "mode": "managed",
      "type": "aws_iam_role",
      "name": "test",
      "provider": "provider[\"registry.terraform.io/hashicorp/aws\"]",
      "instances": [
        {
          "schema_version": 0,
          "attributes": {
            "arn": "arn:aws:iam::045919732904:role/eks-cluster-test",
            "assume_role_policy": "{\"Statement\":[{\"Action\":\"sts:AssumeRole\",\"Effect\":\"Allow\",\"Principal\":{\"Service\":\"eks.amazonaws.com\"}}],\"Version\":\"2012-10-17\"}",
            "create_date": "2023-02-04T06:35:24Z",
            "description": "",
            "force_detach_policies": false,
            "id": "eks-cluster-test",
            "inline_policy": [],
            "managed_policy_arns": [
              "arn:aws:iam::aws:policy/AmazonEKSClusterPolicy",
              "arn:aws:iam::aws:policy/AmazonEKSVPCResourceController"
            ],
            "max_session_duration": 3600,
            "name": "eks-cluster-test",
            "name_prefix": "",
            "path": "/",
            "permissions_boundary": null,
            "tags": {},
            "tags_all": {},
            "unique_id": "AROAQVMIHQSUH5YPUL3HV"
          },
          "sensitive_attributes": [],
          "private": "bnVsbA=="
        }
      ]
    },
    {
      "mode": "managed",
      "type": "aws_iam_role",
      "name": "test_oidc",
      "provider": "provider[\"registry.terraform.io/hashicorp/aws\"]",
      "instances": [
        {
          "schema_version": 0,
          "attributes": {
            "arn": "arn:aws:iam::045919732904:role/test-oidc",
            "assume_role_policy": "{\"Statement\":[{\"Action\":\"sts:AssumeRoleWithWebIdentity\",\"Condition\":{\"StringEquals\":{\"oidc.eks.eu-central-1.amazonaws.com/id/5A9DCA12C2F37F84C0F5FFAB2D90BD1A:sub\":\"system:serviceaccount:default:aws-test\"}},\"Effect\":\"Allow\",\"Principal\":{\"Federated\":\"arn:aws:iam::045919732904:oidc-provider/oidc.eks.eu-central-1.amazonaws.com/id/5A9DCA12C2F37F84C0F5FFAB2D90BD1A\"},\"Sid\":\"\"}],\"Version\":\"2012-10-17\"}",
            "create_date": "2023-02-04T06:56:55Z",
            "description": "",
            "force_detach_policies": false,
            "id": "test-oidc",
            "inline_policy": [],
            "managed_policy_arns": [
              "arn:aws:iam::045919732904:policy/test-policy"
            ],
            "max_session_duration": 3600,
            "name": "test-oidc",
            "name_prefix": "",
            "path": "/",
            "permissions_boundary": null,
            "tags": {},
            "tags_all": {},
            "unique_id": "AROAQVMIHQSUOXQI4VRPU"
          },
          "sensitive_attributes": [],
          "private": "bnVsbA==",
          "dependencies": [
            "aws_eks_cluster.test",
            "aws_iam_openid_connect_provider.eks",
            "aws_iam_role.test",
            "aws_iam_role_policy_attachment.test-AmazonEKSClusterPolicy",
            "aws_iam_role_policy_attachment.test-AmazonEKSVPCResourceController",
            "aws_subnet.private_eu_central_1a",
            "aws_subnet.private_eu_central_1b",
            "aws_subnet.public_eu_central_1a",
            "aws_subnet.public_eu_central_1b",
            "aws_vpc.main",
            "data.aws_iam_policy_document.test_oidc_assume_role_policy",
            "data.tls_certificate.eks"
          ]
        }
      ]
    },
    {
      "mode": "managed",
      "type": "aws_iam_role_policy_attachment",
      "name": "test-AmazonEC2ContainerRegistryReadOnly",
      "provider": "provider[\"registry.terraform.io/hashicorp/aws\"]",
      "instances": [
        {
          "schema_version": 0,
          "attributes": {
            "id": "eks-node-group-nodes-20230204065658390900000002",
            "policy_arn": "arn:aws:iam::aws:policy/AmazonEC2ContainerRegistryReadOnly",
            "role": "eks-node-group-nodes"
          },
          "sensitive_attributes": [],
          "private": "bnVsbA==",
          "dependencies": [
            "aws_iam_role.nodes"
          ]
        }
      ]
    },
    {
      "mode": "managed",
      "type": "aws_iam_role_policy_attachment",
      "name": "test-AmazonEKSClusterPolicy",
      "provider": "provider[\"registry.terraform.io/hashicorp/aws\"]",
      "instances": [
        {
          "schema_version": 0,
          "attributes": {
            "id": "eks-cluster-test-20230204063528495800000002",
            "policy_arn": "arn:aws:iam::aws:policy/AmazonEKSClusterPolicy",
            "role": "eks-cluster-test"
          },
          "sensitive_attributes": [],
          "private": "bnVsbA==",
          "dependencies": [
            "aws_iam_role.test"
          ]
        }
      ]
    },
    {
      "mode": "managed",
      "type": "aws_iam_role_policy_attachment",
      "name": "test-AmazonEKSVPCResourceController",
      "provider": "provider[\"registry.terraform.io/hashicorp/aws\"]",
      "instances": [
        {
          "schema_version": 0,
          "attributes": {
            "id": "eks-cluster-test-20230204063528124700000001",
            "policy_arn": "arn:aws:iam::aws:policy/AmazonEKSVPCResourceController",
            "role": "eks-cluster-test"
          },
          "sensitive_attributes": [],
          "private": "bnVsbA==",
          "dependencies": [
            "aws_iam_role.test"
          ]
        }
      ]
    },
    {
      "mode": "managed",
      "type": "aws_iam_role_policy_attachment",
      "name": "test-AmazonEKSWorkerNodePolicy",
      "provider": "provider[\"registry.terraform.io/hashicorp/aws\"]",
      "instances": [
        {
          "schema_version": 0,
          "attributes": {
            "id": "eks-node-group-nodes-20230204065658623200000004",
            "policy_arn": "arn:aws:iam::aws:policy/AmazonEKSWorkerNodePolicy",
            "role": "eks-node-group-nodes"
          },
          "sensitive_attributes": [],
          "private": "bnVsbA==",
          "dependencies": [
            "aws_iam_role.nodes"
          ]
        }
      ]
    },
    {
      "mode": "managed",
      "type": "aws_iam_role_policy_attachment",
      "name": "test-AmazonEKS_CNI_Policy",
      "provider": "provider[\"registry.terraform.io/hashicorp/aws\"]",
      "instances": [
        {
          "schema_version": 0,
          "attributes": {
            "id": "eks-node-group-nodes-20230204065658642600000005",
            "policy_arn": "arn:aws:iam::aws:policy/AmazonEKS_CNI_Policy",
            "role": "eks-node-group-nodes"
          },
          "sensitive_attributes": [],
          "private": "bnVsbA==",
          "dependencies": [
            "aws_iam_role.nodes"
          ]
        }
      ]
    },
    {
      "mode": "managed",
      "type": "aws_iam_role_policy_attachment",
      "name": "test-AmazonSSMManagedInstanceCore",
      "provider": "provider[\"registry.terraform.io/hashicorp/aws\"]",
      "instances": [
        {
          "schema_version": 0,
          "attributes": {
            "id": "eks-node-group-nodes-20230204065658395900000003",
            "policy_arn": "arn:aws:iam::aws:policy/AmazonSSMManagedInstanceCore",
            "role": "eks-node-group-nodes"
          },
          "sensitive_attributes": [],
          "private": "bnVsbA==",
          "dependencies": [
            "aws_iam_role.nodes"
          ]
        }
      ]
    },
    {
      "mode": "managed",
      "type": "aws_iam_role_policy_attachment",
      "name": "test_attach",
      "provider": "provider[\"registry.terraform.io/hashicorp/aws\"]",
      "instances": [
        {
          "schema_version": 0,
          "attributes": {
            "id": "test-oidc-20230204065659152100000006",
            "policy_arn": "arn:aws:iam::045919732904:policy/test-policy",
            "role": "test-oidc"
          },
          "sensitive_attributes": [],
          "private": "bnVsbA==",
          "dependencies": [
            "aws_eks_cluster.test",
            "aws_iam_openid_connect_provider.eks",
            "aws_iam_policy.test-policy",
            "aws_iam_role.test",
            "aws_iam_role.test_oidc",
            "aws_iam_role_policy_attachment.test-AmazonEKSClusterPolicy",
            "aws_iam_role_policy_attachment.test-AmazonEKSVPCResourceController",
            "aws_subnet.private_eu_central_1a",
            "aws_subnet.private_eu_central_1b",
            "aws_subnet.public_eu_central_1a",
            "aws_subnet.public_eu_central_1b",
            "aws_vpc.main",
            "data.aws_iam_policy_document.test_oidc_assume_role_policy",
            "data.tls_certificate.eks"
          ]
        }
      ]
    },
    {
      "mode": "managed",
      "type": "aws_internet_gateway",
      "name": "igw",
      "provider": "provider[\"registry.terraform.io/hashicorp/aws\"]",
      "instances": [
        {
          "schema_version": 0,
          "attributes": {
            "arn": "arn:aws:ec2:eu-central-1:045919732904:internet-gateway/igw-01839669adac322b4",
            "id": "igw-01839669adac322b4",
            "owner_id": "045919732904",
            "tags": {
              "Name": "main"
            },
            "tags_all": {
              "Name": "main"
            },
            "timeouts": null,
            "vpc_id": "vpc-062ad7b5ae1dff38d"
          },
          "sensitive_attributes": [],
          "private": "eyJlMmJmYjczMC1lY2FhLTExZTYtOGY4OC0zNDM2M2JjN2M0YzAiOnsiY3JlYXRlIjoxMjAwMDAwMDAwMDAwLCJkZWxldGUiOjEyMDAwMDAwMDAwMDAsInVwZGF0ZSI6MTIwMDAwMDAwMDAwMH19",
          "dependencies": [
            "aws_vpc.main"
          ]
        }
      ]
    },
    {
      "mode": "managed",
      "type": "aws_nat_gateway",
      "name": "nat",
      "provider": "provider[\"registry.terraform.io/hashicorp/aws\"]",
      "instances": [
        {
          "schema_version": 0,
          "attributes": {
            "allocation_id": "eipalloc-0d398c43732f69fc5",
            "connectivity_type": "public",
            "id": "nat-0a9fa2a691ea92557",
            "network_interface_id": "eni-0827b0dbc7bcc3e8a",
            "private_ip": "10.0.4.217",
            "public_ip": "3.123.176.105",
            "subnet_id": "subnet-0c1308f41165a900a",
            "tags": {
              "Name": "nat"
            },
            "tags_all": {
              "Name": "nat"
            }
          },
          "sensitive_attributes": [],
          "private": "bnVsbA==",
          "dependencies": [
            "aws_eip.nat",
            "aws_internet_gateway.igw",
            "aws_subnet.public_eu_central_1a",
            "aws_vpc.main"
          ]
        }
      ]
    },
    {
      "mode": "managed",
      "type": "aws_route_table",
      "name": "private",
      "provider": "provider[\"registry.terraform.io/hashicorp/aws\"]",
      "instances": [
        {
          "schema_version": 0,
          "attributes": {
            "arn": "arn:aws:ec2:eu-central-1:045919732904:route-table/rtb-0dd3d427802978c57",
            "id": "rtb-0dd3d427802978c57",
            "owner_id": "045919732904",
            "propagating_vgws": [],
            "route": [
              {
                "carrier_gateway_id": "",
                "cidr_block": "0.0.0.0/0",
                "core_network_arn": "",
                "destination_prefix_list_id": "",
                "egress_only_gateway_id": "",
                "gateway_id": "",
                "instance_id": "",
                "ipv6_cidr_block": "",
                "local_gateway_id": "",
                "nat_gateway_id": "nat-0a9fa2a691ea92557",
                "network_interface_id": "",
                "transit_gateway_id": "",
                "vpc_endpoint_id": "",
                "vpc_peering_connection_id": ""
              }
            ],
            "tags": {
              "Name": "private"
            },
            "tags_all": {
              "Name": "private"
            },
            "timeouts": null,
            "vpc_id": "vpc-062ad7b5ae1dff38d"
          },
          "sensitive_attributes": [],
          "private": "eyJlMmJmYjczMC1lY2FhLTExZTYtOGY4OC0zNDM2M2JjN2M0YzAiOnsiY3JlYXRlIjozMDAwMDAwMDAwMDAsImRlbGV0ZSI6MzAwMDAwMDAwMDAwLCJ1cGRhdGUiOjEyMDAwMDAwMDAwMH19",
          "dependencies": [
            "aws_eip.nat",
            "aws_internet_gateway.igw",
            "aws_nat_gateway.nat",
            "aws_subnet.public_eu_central_1a",
            "aws_vpc.main"
          ]
        }
      ]
    },
    {
      "mode": "managed",
      "type": "aws_route_table",
      "name": "public",
      "provider": "provider[\"registry.terraform.io/hashicorp/aws\"]",
      "instances": [
        {
          "schema_version": 0,
          "attributes": {
            "arn": "arn:aws:ec2:eu-central-1:045919732904:route-table/rtb-0efa676bec9ac3c4c",
            "id": "rtb-0efa676bec9ac3c4c",
            "owner_id": "045919732904",
            "propagating_vgws": [],
            "route": [
              {
                "carrier_gateway_id": "",
                "cidr_block": "0.0.0.0/0",
                "core_network_arn": "",
                "destination_prefix_list_id": "",
                "egress_only_gateway_id": "",
                "gateway_id": "igw-01839669adac322b4",
                "instance_id": "",
                "ipv6_cidr_block": "",
                "local_gateway_id": "",
                "nat_gateway_id": "",
                "network_interface_id": "",
                "transit_gateway_id": "",
                "vpc_endpoint_id": "",
                "vpc_peering_connection_id": ""
              }
            ],
            "tags": {
              "Name": "public"
            },
            "tags_all": {
              "Name": "public"
            },
            "timeouts": null,
            "vpc_id": "vpc-062ad7b5ae1dff38d"
          },
          "sensitive_attributes": [],
          "private": "eyJlMmJmYjczMC1lY2FhLTExZTYtOGY4OC0zNDM2M2JjN2M0YzAiOnsiY3JlYXRlIjozMDAwMDAwMDAwMDAsImRlbGV0ZSI6MzAwMDAwMDAwMDAwLCJ1cGRhdGUiOjEyMDAwMDAwMDAwMH19",
          "dependencies": [
            "aws_internet_gateway.igw",
            "aws_vpc.main"
          ]
        }
      ]
    },
    {
      "mode": "managed",
      "type": "aws_route_table_association",
      "name": "private_eu_central_1a",
      "provider": "provider[\"registry.terraform.io/hashicorp/aws\"]",
      "instances": [
        {
          "schema_version": 0,
          "attributes": {
            "gateway_id": "",
            "id": "rtbassoc-0beed65d0020acf9c",
            "route_table_id": "rtb-0dd3d427802978c57",
            "subnet_id": "subnet-0a88886350c863105"
          },
          "sensitive_attributes": [],
          "private": "bnVsbA==",
          "dependencies": [
            "aws_eip.nat",
            "aws_internet_gateway.igw",
            "aws_nat_gateway.nat",
            "aws_route_table.private",
            "aws_subnet.private_eu_central_1a",
            "aws_subnet.public_eu_central_1a",
            "aws_vpc.main"
          ]
        }
      ]
    },
    {
      "mode": "managed",
      "type": "aws_route_table_association",
      "name": "private_eu_central_1b",
      "provider": "provider[\"registry.terraform.io/hashicorp/aws\"]",
      "instances": [
        {
          "schema_version": 0,
          "attributes": {
            "gateway_id": "",
            "id": "rtbassoc-0f36aa028946552fa",
            "route_table_id": "rtb-0dd3d427802978c57",
            "subnet_id": "subnet-04796211ba611d931"
          },
          "sensitive_attributes": [],
          "private": "bnVsbA==",
          "dependencies": [
            "aws_eip.nat",
            "aws_internet_gateway.igw",
            "aws_nat_gateway.nat",
            "aws_route_table.private",
            "aws_subnet.private_eu_central_1b",
            "aws_subnet.public_eu_central_1a",
            "aws_vpc.main"
          ]
        }
      ]
    },
    {
      "mode": "managed",
      "type": "aws_route_table_association",
      "name": "public_eu_central_1a",
      "provider": "provider[\"registry.terraform.io/hashicorp/aws\"]",
      "instances": [
        {
          "schema_version": 0,
          "attributes": {
            "gateway_id": "",
            "id": "rtbassoc-0b604345f4d07e4da",
            "route_table_id": "rtb-0efa676bec9ac3c4c",
            "subnet_id": "subnet-0c1308f41165a900a"
          },
          "sensitive_attributes": [],
          "private": "bnVsbA==",
          "dependencies": [
            "aws_internet_gateway.igw",
            "aws_route_table.public",
            "aws_subnet.public_eu_central_1a",
            "aws_vpc.main"
          ]
        }
      ]
    },
    {
      "mode": "managed",
      "type": "aws_route_table_association",
      "name": "public_eu_central_1b",
      "provider": "provider[\"registry.terraform.io/hashicorp/aws\"]",
      "instances": [
        {
          "schema_version": 0,
          "attributes": {
            "gateway_id": "",
            "id": "rtbassoc-09fb362f9a9003599",
            "route_table_id": "rtb-0efa676bec9ac3c4c",
            "subnet_id": "subnet-0e04fa79e5e622ec1"
          },
          "sensitive_attributes": [],
          "private": "bnVsbA==",
          "dependencies": [
            "aws_internet_gateway.igw",
            "aws_route_table.public",
            "aws_subnet.public_eu_central_1b",
            "aws_vpc.main"
          ]
        }
      ]
    },
    {
      "mode": "managed",
      "type": "aws_subnet",
      "name": "private_eu_central_1a",
      "provider": "provider[\"registry.terraform.io/hashicorp/aws\"]",
      "instances": [
        {
          "schema_version": 1,
          "attributes": {
            "arn": "arn:aws:ec2:eu-central-1:045919732904:subnet/subnet-0a88886350c863105",
            "assign_ipv6_address_on_creation": false,
            "availability_zone": "eu-central-1a",
            "availability_zone_id": "euc1-az2",
            "cidr_block": "10.0.2.0/24",
            "customer_owned_ipv4_pool": "",
            "enable_dns64": false,
            "enable_resource_name_dns_a_record_on_launch": false,
            "enable_resource_name_dns_aaaa_record_on_launch": false,
            "id": "subnet-0a88886350c863105",
            "ipv6_cidr_block": "",
            "ipv6_cidr_block_association_id": "",
            "ipv6_native": false,
            "map_customer_owned_ip_on_launch": false,
            "map_public_ip_on_launch": false,
            "outpost_arn": "",
            "owner_id": "045919732904",
            "private_dns_hostname_type_on_launch": "ip-name",
            "tags": {
              "Name": "private-eu-central-1a",
              "kubernetes.io/cluster/demo": "owned",
              "kubernetes.io/role/internal-elb": "1"
            },
            "tags_all": {
              "Name": "private-eu-central-1a",
              "kubernetes.io/cluster/demo": "owned",
              "kubernetes.io/role/internal-elb": "1"
            },
            "timeouts": null,
            "vpc_id": "vpc-062ad7b5ae1dff38d"
          },
          "sensitive_attributes": [],
          "private": "eyJlMmJmYjczMC1lY2FhLTExZTYtOGY4OC0zNDM2M2JjN2M0YzAiOnsiY3JlYXRlIjo2MDAwMDAwMDAwMDAsImRlbGV0ZSI6MTIwMDAwMDAwMDAwMH0sInNjaGVtYV92ZXJzaW9uIjoiMSJ9",
          "dependencies": [
            "aws_vpc.main"
          ]
        }
      ]
    },
    {
      "mode": "managed",
      "type": "aws_subnet",
      "name": "private_eu_central_1b",
      "provider": "provider[\"registry.terraform.io/hashicorp/aws\"]",
      "instances": [
        {
          "schema_version": 1,
          "attributes": {
            "arn": "arn:aws:ec2:eu-central-1:045919732904:subnet/subnet-04796211ba611d931",
            "assign_ipv6_address_on_creation": false,
            "availability_zone": "eu-central-1b",
            "availability_zone_id": "euc1-az3",
            "cidr_block": "10.0.32.0/24",
            "customer_owned_ipv4_pool": "",
            "enable_dns64": false,
            "enable_resource_name_dns_a_record_on_launch": false,
            "enable_resource_name_dns_aaaa_record_on_launch": false,
            "id": "subnet-04796211ba611d931",
            "ipv6_cidr_block": "",
            "ipv6_cidr_block_association_id": "",
            "ipv6_native": false,
            "map_customer_owned_ip_on_launch": false,
            "map_public_ip_on_launch": false,
            "outpost_arn": "",
            "owner_id": "045919732904",
            "private_dns_hostname_type_on_launch": "ip-name",
            "tags": {
              "Name": "private-eu-central-1b",
              "kubernetes.io/cluster/demo": "owned",
              "kubernetes.io/role/internal-elb": "1"
            },
            "tags_all": {
              "Name": "private-eu-central-1b",
              "kubernetes.io/cluster/demo": "owned",
              "kubernetes.io/role/internal-elb": "1"
            },
            "timeouts": null,
            "vpc_id": "vpc-062ad7b5ae1dff38d"
          },
          "sensitive_attributes": [],
          "private": "eyJlMmJmYjczMC1lY2FhLTExZTYtOGY4OC0zNDM2M2JjN2M0YzAiOnsiY3JlYXRlIjo2MDAwMDAwMDAwMDAsImRlbGV0ZSI6MTIwMDAwMDAwMDAwMH0sInNjaGVtYV92ZXJzaW9uIjoiMSJ9",
          "dependencies": [
            "aws_vpc.main"
          ]
        }
      ]
    },
    {
      "mode": "managed",
      "type": "aws_subnet",
      "name": "public_eu_central_1a",
      "provider": "provider[\"registry.terraform.io/hashicorp/aws\"]",
      "instances": [
        {
          "schema_version": 1,
          "attributes": {
            "arn": "arn:aws:ec2:eu-central-1:045919732904:subnet/subnet-0c1308f41165a900a",
            "assign_ipv6_address_on_creation": false,
            "availability_zone": "eu-central-1a",
            "availability_zone_id": "euc1-az2",
            "cidr_block": "10.0.4.0/24",
            "customer_owned_ipv4_pool": "",
            "enable_dns64": false,
            "enable_resource_name_dns_a_record_on_launch": false,
            "enable_resource_name_dns_aaaa_record_on_launch": false,
            "id": "subnet-0c1308f41165a900a",
            "ipv6_cidr_block": "",
            "ipv6_cidr_block_association_id": "",
            "ipv6_native": false,
            "map_customer_owned_ip_on_launch": false,
            "map_public_ip_on_launch": true,
            "outpost_arn": "",
            "owner_id": "045919732904",
            "private_dns_hostname_type_on_launch": "ip-name",
            "tags": {
              "Name": "public-eu-central-1a",
              "kubernetes.io/cluster/demo": "owned",
              "kubernetes.io/role/elb": "1"
            },
            "tags_all": {
              "Name": "public-eu-central-1a",
              "kubernetes.io/cluster/demo": "owned",
              "kubernetes.io/role/elb": "1"
            },
            "timeouts": null,
            "vpc_id": "vpc-062ad7b5ae1dff38d"
          },
          "sensitive_attributes": [],
          "private": "eyJlMmJmYjczMC1lY2FhLTExZTYtOGY4OC0zNDM2M2JjN2M0YzAiOnsiY3JlYXRlIjo2MDAwMDAwMDAwMDAsImRlbGV0ZSI6MTIwMDAwMDAwMDAwMH0sInNjaGVtYV92ZXJzaW9uIjoiMSJ9",
          "dependencies": [
            "aws_vpc.main"
          ]
        }
      ]
    },
    {
      "mode": "managed",
      "type": "aws_subnet",
      "name": "public_eu_central_1b",
      "provider": "provider[\"registry.terraform.io/hashicorp/aws\"]",
      "instances": [
        {
          "schema_version": 1,
          "attributes": {
            "arn": "arn:aws:ec2:eu-central-1:045919732904:subnet/subnet-0e04fa79e5e622ec1",
            "assign_ipv6_address_on_creation": false,
            "availability_zone": "eu-central-1b",
            "availability_zone_id": "euc1-az3",
            "cidr_block": "10.0.34.0/24",
            "customer_owned_ipv4_pool": "",
            "enable_dns64": false,
            "enable_resource_name_dns_a_record_on_launch": false,
            "enable_resource_name_dns_aaaa_record_on_launch": false,
            "id": "subnet-0e04fa79e5e622ec1",
            "ipv6_cidr_block": "",
            "ipv6_cidr_block_association_id": "",
            "ipv6_native": false,
            "map_customer_owned_ip_on_launch": false,
            "map_public_ip_on_launch": true,
            "outpost_arn": "",
            "owner_id": "045919732904",
            "private_dns_hostname_type_on_launch": "ip-name",
            "tags": {
              "Name": "public-eu-central-1b",
              "kubernetes.io/cluster/demo": "owned",
              "kubernetes.io/role/elb": "1"
            },
            "tags_all": {
              "Name": "public-eu-central-1b",
              "kubernetes.io/cluster/demo": "owned",
              "kubernetes.io/role/elb": "1"
            },
            "timeouts": null,
            "vpc_id": "vpc-062ad7b5ae1dff38d"
          },
          "sensitive_attributes": [],
          "private": "eyJlMmJmYjczMC1lY2FhLTExZTYtOGY4OC0zNDM2M2JjN2M0YzAiOnsiY3JlYXRlIjo2MDAwMDAwMDAwMDAsImRlbGV0ZSI6MTIwMDAwMDAwMDAwMH0sInNjaGVtYV92ZXJzaW9uIjoiMSJ9",
          "dependencies": [
            "aws_vpc.main"
          ]
        }
      ]
    },
    {
      "mode": "managed",
      "type": "aws_vpc",
      "name": "main",
      "provider": "provider[\"registry.terraform.io/hashicorp/aws\"]",
      "instances": [
        {
          "schema_version": 1,
          "attributes": {
            "arn": "arn:aws:ec2:eu-central-1:045919732904:vpc/vpc-062ad7b5ae1dff38d",
            "assign_generated_ipv6_cidr_block": false,
            "cidr_block": "10.0.0.0/16",
            "default_network_acl_id": "acl-04743e43d2c6c028e",
            "default_route_table_id": "rtb-04f441cdcd6ab334f",
            "default_security_group_id": "sg-085d7694036ce5897",
            "dhcp_options_id": "dopt-0eaa9bf5d7d205ded",
            "enable_classiclink": false,
            "enable_classiclink_dns_support": false,
            "enable_dns_hostnames": false,
            "enable_dns_support": true,
            "enable_network_address_usage_metrics": false,
            "id": "vpc-062ad7b5ae1dff38d",
            "instance_tenancy": "default",
            "ipv4_ipam_pool_id": null,
            "ipv4_netmask_length": null,
            "ipv6_association_id": "",
            "ipv6_cidr_block": "",
            "ipv6_cidr_block_network_border_group": "",
            "ipv6_ipam_pool_id": "",
            "ipv6_netmask_length": 0,
            "main_route_table_id": "rtb-04f441cdcd6ab334f",
            "owner_id": "045919732904",
            "tags": {
              "Name": "main"
            },
            "tags_all": {
              "Name": "main"
            }
          },
          "sensitive_attributes": [],
          "private": "eyJzY2hlbWFfdmVyc2lvbiI6IjEifQ=="
        }
      ]
    }
  ],
  "check_results": null
}
